lockfileVersion: 5.3

specifiers:
  '@open-web3/orml-type-definitions': ^2.0.1
  '@polkadot/types': ^8.14.1
  '@rush-temp/type-definitions': file:./projects/type-definitions.tgz
  typescript: ^4.7.4

dependencies:
  '@open-web3/orml-type-definitions': 2.0.1
  '@polkadot/types': 8.14.1
  '@rush-temp/type-definitions': file:projects/type-definitions.tgz
  typescript: 4.7.4

packages:

  /@babel/runtime/7.18.9:
    resolution: {integrity: sha512-lkqXDcvlFT5rvEjiu6+QYO+1GXrEHRo2LOtS7E4GtX5ESIZOgepqsZBVIj6Pv+a6zqsya9VCgiK1KAK4BvJDAw==}
    engines: {node: '>=6.9.0'}
    dependencies:
      regenerator-runtime: 0.13.9
    dev: false

  /@noble/hashes/1.1.2:
    resolution: {integrity: sha512-KYRCASVTv6aeUi1tsF8/vpyR7zpfs3FUzy2Jqm+MU+LmUKhQ0y2FpfwqkCcxSg2ua4GALJd8k2R76WxwZGbQpA==}
    dev: false

  /@noble/secp256k1/1.6.3:
    resolution: {integrity: sha512-T04e4iTurVy7I8Sw4+c5OSN9/RkPlo1uKxAomtxQNLq8j1uPAqnsqG1bqvY3Jv7c13gyr6dui0zmh/I3+f/JaQ==}
    dev: false

  /@open-web3/orml-type-definitions/2.0.1:
    resolution: {integrity: sha512-wqeSBOKk8UU9CBqYhK2yQh9YqwaS7vai71WuOGFNJnzRT+6WnzY0leaLTionuzfE3M4Y/jTrc8BTL6+PVFCr6Q==}
    dependencies:
      lodash.merge: 4.6.2
    dev: false

  /@polkadot/keyring/10.1.1:
    resolution: {integrity: sha512-lgYS9UIa611FBnYXb7DnVuLsiMnUR2S8x1jfNBJT32x7T66XSRnc7kpwgHW0MNGVTwjFVVfIr7XfpvXGDoBZgg==}
    engines: {node: '>=14.0.0'}
    dependencies:
      '@babel/runtime': 7.18.9
      '@polkadot/util': 10.1.1
      '@polkadot/util-crypto': 10.1.1
    dev: false

  /@polkadot/networks/10.1.1:
    resolution: {integrity: sha512-upM8r0mrsCVA+vPVbJUjtnkAfdleBMHB+Fbxvy3xtbK1IFpzQTUhSOQb6lBnBAPBFGyxMtQ3TytnInckAdYZeg==}
    engines: {node: '>=14.0.0'}
    dependencies:
      '@babel/runtime': 7.18.9
      '@polkadot/util': 10.1.1
      '@substrate/ss58-registry': 1.25.0
    dev: false

  /@polkadot/types-augment/8.14.1:
    resolution: {integrity: sha512-Xa4TUFqyZT+IJ6pBSwDjWcF42u/E34OyC+gbs5Z2vWQ4EzSDkq4xNoUKjJlEEgTemsD9lhPOIc4jvqTCefwxEw==}
    engines: {node: '>=14.0.0'}
    dependencies:
      '@babel/runtime': 7.18.9
      '@polkadot/types': 8.14.1
      '@polkadot/types-codec': 8.14.1
      '@polkadot/util': 10.1.1
    dev: false

  /@polkadot/types-codec/8.14.1:
    resolution: {integrity: sha512-y6YDN4HwvEgSWlgrEV04QBBxDxES1cTuUQFzZJzOTuZCWpA371Mdj3M9wYxGXMnj0wa+rCQGECHPZZaNxBMiKg==}
    engines: {node: '>=14.0.0'}
    dependencies:
      '@babel/runtime': 7.18.9
      '@polkadot/util': 10.1.1
      '@polkadot/x-bigint': 10.1.1
    dev: false

  /@polkadot/types-create/8.14.1:
    resolution: {integrity: sha512-fb9yyblj5AYAPzeCIq0kYSfzDxRDi/0ud9gN2UzB3H7M/O4n2mPC1vD4UOLF+B7l9QzCrt4e+k+/riGp7GfvyA==}
    engines: {node: '>=14.0.0'}
    dependencies:
      '@babel/runtime': 7.18.9
      '@polkadot/types-codec': 8.14.1
      '@polkadot/util': 10.1.1
    dev: false

  /@polkadot/types/8.14.1:
    resolution: {integrity: sha512-Xza16ejKrSd4XhTOlbfISyxZ2sRmbMAZk5pX7VEMHVZHqV98o+bJ2f9Kk7F8YJijkHHGosCLDestP9R5nLoOoA==}
    engines: {node: '>=14.0.0'}
    dependencies:
      '@babel/runtime': 7.18.9
      '@polkadot/keyring': 10.1.1
      '@polkadot/types-augment': 8.14.1
      '@polkadot/types-codec': 8.14.1
      '@polkadot/types-create': 8.14.1
      '@polkadot/util': 10.1.1
      '@polkadot/util-crypto': 10.1.1
      rxjs: 7.5.6
    dev: false

  /@polkadot/util-crypto/10.1.1:
    resolution: {integrity: sha512-R0V++xXbL2pvnCFIuXnKc/TlNhBkyxcno1u8rmjYNuH9S5GOmi2jY/8cNhbrwk6wafBsi+xMPHrEbUnduk82Ag==}
    engines: {node: '>=14.0.0'}
    dependencies:
      '@babel/runtime': 7.18.9
      '@noble/hashes': 1.1.2
      '@noble/secp256k1': 1.6.3
      '@polkadot/networks': 10.1.1
      '@polkadot/util': 10.1.1
      '@polkadot/wasm-crypto': 6.3.1_a12330010b227124be0d33fa2531bc8e
      '@polkadot/x-bigint': 10.1.1
      '@polkadot/x-randomvalues': 10.1.1
      '@scure/base': 1.1.1
      ed2curve: 0.3.0
      tweetnacl: 1.0.3
    dev: false

  /@polkadot/util/10.1.1:
    resolution: {integrity: sha512-/g0sEqOOXfiNmQnWcFK3H1+wKBjbJEfGj6lTmbQ0xnL4TS5mFFQ7ZZEvxD60EkoXVMuCmSSh9E54goNLzh+Zyg==}
    engines: {node: '>=14.0.0'}
    dependencies:
      '@babel/runtime': 7.18.9
      '@polkadot/x-bigint': 10.1.1
      '@polkadot/x-global': 10.1.1
      '@polkadot/x-textdecoder': 10.1.1
      '@polkadot/x-textencoder': 10.1.1
      '@types/bn.js': 5.1.0
      bn.js: 5.2.1
    dev: false

  /@polkadot/wasm-bridge/6.3.1_a12330010b227124be0d33fa2531bc8e:
    resolution: {integrity: sha512-1TYkHsb9AEFhU9uZj3biEnN2yKQNzdrwSjiTvfCYnt97pnEkKsZI6cku+YPZQv5w/x9CQa5Yua9e2DVVZSivGA==}
    engines: {node: '>=14.0.0'}
    peerDependencies:
      '@polkadot/util': '*'
      '@polkadot/x-randomvalues': '*'
    dependencies:
      '@babel/runtime': 7.18.9
      '@polkadot/util': 10.1.1
      '@polkadot/x-randomvalues': 10.1.1
    dev: false

  /@polkadot/wasm-crypto-asmjs/6.3.1_@polkadot+util@10.1.1:
    resolution: {integrity: sha512-zbombRfA5v/mUWQQhgg2YwaxhRmxRIrvskw65x+lruax3b6xPBFDs7yplopiJU3r8h2pTgQvX/DUksvqz2TCRQ==}
    engines: {node: '>=14.0.0'}
    peerDependencies:
      '@polkadot/util': '*'
    dependencies:
      '@babel/runtime': 7.18.9
      '@polkadot/util': 10.1.1
    dev: false

  /@polkadot/wasm-crypto-init/6.3.1_a12330010b227124be0d33fa2531bc8e:
    resolution: {integrity: sha512-9yaUBcu+snwjJLmPPGl3cyGRQ1afyFGm16qzTM0sgG/ZCfUlK4uk8KWZe+sBUKgoxb2oXY7Y4WklKgQI1YBdfw==}
    engines: {node: '>=14.0.0'}
    peerDependencies:
      '@polkadot/util': '*'
      '@polkadot/x-randomvalues': '*'
    dependencies:
      '@babel/runtime': 7.18.9
      '@polkadot/util': 10.1.1
      '@polkadot/wasm-bridge': 6.3.1_a12330010b227124be0d33fa2531bc8e
      '@polkadot/wasm-crypto-asmjs': 6.3.1_@polkadot+util@10.1.1
      '@polkadot/wasm-crypto-wasm': 6.3.1_@polkadot+util@10.1.1
      '@polkadot/x-randomvalues': 10.1.1
    dev: false

  /@polkadot/wasm-crypto-wasm/6.3.1_@polkadot+util@10.1.1:
    resolution: {integrity: sha512-idSlzKGVzCfeCMRHsacRvqwojSaTadFxL/Dbls4z1thvfa3U9Ku0d2qVtlwg7Hj+tYWDiuP8Kygs+6bQwfs0XA==}
    engines: {node: '>=14.0.0'}
    peerDependencies:
      '@polkadot/util': '*'
    dependencies:
      '@babel/runtime': 7.18.9
      '@polkadot/util': 10.1.1
      '@polkadot/wasm-util': 6.3.1_@polkadot+util@10.1.1
    dev: false

  /@polkadot/wasm-crypto/6.3.1_a12330010b227124be0d33fa2531bc8e:
    resolution: {integrity: sha512-OO8h0qeVkqp4xYZaRVl4iuWOEtq282pNBHDKb6SOJuI2g59eWGcKh4EQU9Me2VP6qzojIqptrkrVt7KQXC68gA==}
    engines: {node: '>=14.0.0'}
    peerDependencies:
      '@polkadot/util': '*'
      '@polkadot/x-randomvalues': '*'
    dependencies:
      '@babel/runtime': 7.18.9
      '@polkadot/util': 10.1.1
      '@polkadot/wasm-bridge': 6.3.1_a12330010b227124be0d33fa2531bc8e
      '@polkadot/wasm-crypto-asmjs': 6.3.1_@polkadot+util@10.1.1
      '@polkadot/wasm-crypto-init': 6.3.1_a12330010b227124be0d33fa2531bc8e
      '@polkadot/wasm-crypto-wasm': 6.3.1_@polkadot+util@10.1.1
      '@polkadot/wasm-util': 6.3.1_@polkadot+util@10.1.1
      '@polkadot/x-randomvalues': 10.1.1
    dev: false

  /@polkadot/wasm-util/6.3.1_@polkadot+util@10.1.1:
    resolution: {integrity: sha512-12oAv5J7Yoc9m6jixrSaQCxpOkWOyzHx3DMC8qmLjRiwdBWxqLmImOVRVnFsbaxqSbhBIHRuJphVxWE+GZETDg==}
    engines: {node: '>=14.0.0'}
    peerDependencies:
      '@polkadot/util': '*'
    dependencies:
      '@babel/runtime': 7.18.9
      '@polkadot/util': 10.1.1
    dev: false

  /@polkadot/x-bigint/10.1.1:
    resolution: {integrity: sha512-YNYN64N4icKyqiDIw0tcGyWwz3g/282Kk0ozfcA5TM0wGRe2BwmoB4gYrZ7pJDxvsHnRPR6Dw0r9Xxh8DNIzHQ==}
    engines: {node: '>=14.0.0'}
    dependencies:
      '@babel/runtime': 7.18.9
      '@polkadot/x-global': 10.1.1
    dev: false

  /@polkadot/x-global/10.1.1:
    resolution: {integrity: sha512-wB3rZTTNN14umLSfR2GLL0dJrlGM1YRUNw7XvbA+3B8jxGCIOmjSyAkdZBeiCxg2XIbJD3EkB0hBhga2mNuS6g==}
    engines: {node: '>=14.0.0'}
    dependencies:
      '@babel/runtime': 7.18.9
    dev: false

  /@polkadot/x-randomvalues/10.1.1:
    resolution: {integrity: sha512-opVFNEnzCir7cWsFfyDqNlrGazkpjnL+JpkxE/b9WmSco6y0IUzn/Q7rL3EaBzBEvxY0/J8KeSGGs3W+mf6tBQ==}
    engines: {node: '>=14.0.0'}
    dependencies:
      '@babel/runtime': 7.18.9
      '@polkadot/x-global': 10.1.1
    dev: false

  /@polkadot/x-textdecoder/10.1.1:
    resolution: {integrity: sha512-a52ah/sUS+aGZcCCL7BhrytAeV/7kiqu1zbuCoZtIzxP6x34a2vcic3bLPoyynLcX2ruzvLKFhJDGOJ4Bq5lcA==}
    engines: {node: '>=14.0.0'}
    dependencies:
      '@babel/runtime': 7.18.9
      '@polkadot/x-global': 10.1.1
    dev: false

  /@polkadot/x-textencoder/10.1.1:
    resolution: {integrity: sha512-prTzUXXW9OxFyf17EwGSBxe2GvVFG60cmKV8goC50nghhNMl1y0GdGpvKNQTFG6hIk5fIon9/pBpWsas4iAf+Q==}
    engines: {node: '>=14.0.0'}
    dependencies:
      '@babel/runtime': 7.18.9
      '@polkadot/x-global': 10.1.1
    dev: false

  /@scure/base/1.1.1:
    resolution: {integrity: sha512-ZxOhsSyxYwLJj3pLZCefNitxsj093tb2vq90mp2txoYeBqbcjDjqFhyM8eUjq/uFm6zJ+mUuqxlS2FkuSY1MTA==}
    dev: false

  /@substrate/ss58-registry/1.25.0:
    resolution: {integrity: sha512-LmCH4QJRdHaeLsLTPSgJaXguMoIW+Ig9fA9LRPpeya9HefVAJ7gZuUYinldv+QmX7evNm5CL0rspNUS8l1DvXg==}
    dev: false

  /@types/bn.js/5.1.0:
    resolution: {integrity: sha512-QSSVYj7pYFN49kW77o2s9xTCwZ8F2xLbjLLSEVh8D2F4JUhZtPAGOFLTD+ffqksBx/u4cE/KImFjyhqCjn/LIA==}
    dependencies:
      '@types/node': 18.6.1
    dev: false

  /@types/node/18.6.1:
    resolution: {integrity: sha512-z+2vB6yDt1fNwKOeGbckpmirO+VBDuQqecXkgeIqDlaOtmKn6hPR/viQ8cxCfqLU4fTlvM3+YjM367TukWdxpg==}
    dev: false

  /bn.js/5.2.1:
    resolution: {integrity: sha512-eXRvHzWyYPBuB4NBy0cmYQjGitUrtqwbvlzP3G6VFnNRbsZQIxQ10PbKKHt8gZ/HW/D/747aDl+QkDqg3KQLMQ==}
    dev: false

  /ed2curve/0.3.0:
    resolution: {integrity: sha512-8w2fmmq3hv9rCrcI7g9hms2pMunQr1JINfcjwR9tAyZqhtyaMN991lF/ZfHfr5tzZQ8c7y7aBgZbjfbd0fjFwQ==}
    dependencies:
      tweetnacl: 1.0.3
    dev: false

  /lodash.merge/4.6.2:
    resolution: {integrity: sha512-0KpjqXRVvrYyCsX1swR/XTK0va6VQkQM6MNo7PqW77ByjAhoARA8EfrP1N4+KlKj8YS0ZUCtRT/YUuhyYDujIQ==}
    dev: false

  /regenerator-runtime/0.13.9:
    resolution: {integrity: sha512-p3VT+cOEgxFsRRA9X4lkI1E+k2/CtnKtU4gcxyaCUreilL/vqI6CdZ3wxVUx3UOUg+gnUOQQcRI7BmSI656MYA==}
    dev: false

  /rxjs/7.5.6:
    resolution: {integrity: sha512-dnyv2/YsXhnm461G+R/Pe5bWP41Nm6LBXEYWI6eiFP4fiwx6WRI/CD0zbdVAudd9xwLEF2IDcKXLHit0FYjUzw==}
    dependencies:
      tslib: 2.4.0
    dev: false

  /tslib/2.4.0:
    resolution: {integrity: sha512-d6xOpEDfsi2CZVlPQzGeux8XMwLT9hssAsaPYExaQMuYskwb+x1x7J371tWlbBdWHroy99KnVB6qIkUbs5X3UQ==}
    dev: false

  /tweetnacl/1.0.3:
    resolution: {integrity: sha512-6rt+RN7aOi1nGMyC4Xa5DdYiukl2UWCbcJft7YhxReBGQD7OAM8Pbxw6YMo4r2diNEA8FEmu32YOn9rhaiE5yw==}
    dev: false

  /typescript/4.7.4:
    resolution: {integrity: sha512-C0WQT0gezHuw6AdY1M2jxUO83Rjf0HP7Sk1DtXj6j1EwkQNZrHAg2XPWlq62oqEhYvONq5pkC2Y9oPljWToLmQ==}
    engines: {node: '>=4.2.0'}
    hasBin: true
    dev: false

  file:projects/type-definitions.tgz:
    resolution: {integrity: sha512-6fG3zeeOgkmRlKPl1v3JFKRQ3Dhp5IdHz1u4SgBjYwbua4Iy+yKU6Oezb/RB23t3MPGiMwsEBb7evmPXJurFCg==, tarball: file:projects/type-definitions.tgz}
    name: '@rush-temp/type-definitions'
    version: 0.0.0
    dependencies:
      '@open-web3/orml-type-definitions': 2.0.1
      '@polkadot/types': 8.14.1
      typescript: 4.7.4
    dev: false
