{
  "name": "@selendra/type-definitions",
  "version": "1.0.0",
  "lockfileVersion": 2,
  "requires": true,
  "packages": {
    "": {
      "name": "@selendra/type-definitions",
      "version": "1.0.0",
      "license": "MIT",
      "dependencies": {
        "@open-web3/orml-type-definitions": "^2.0.1",
        "@polkadot/types": "^8.14.1"
      },
      "devDependencies": {
        "typescript": "^4.7.4"
      }
    },
    "../../common/temp/node_modules/.pnpm/@open-web3+orml-type-definitions@2.0.1/node_modules/@open-web3/orml-type-definitions": {
      "version": "2.0.1",
      "license": "Apache-2.0",
      "dependencies": {
        "lodash.merge": "^4.6.2"
      },
      "devDependencies": {
        "@types/lodash.merge": "^4.6.7"
      }
    },
    "../../common/temp/node_modules/.pnpm/@polkadot+types@8.14.1/node_modules/@polkadot/types": {
      "version": "8.14.1",
      "license": "Apache-2.0",
      "dependencies": {
        "@babel/runtime": "^7.18.9",
        "@polkadot/keyring": "^10.1.1",
        "@polkadot/types-augment": "8.14.1",
        "@polkadot/types-codec": "8.14.1",
        "@polkadot/types-create": "8.14.1",
        "@polkadot/util": "^10.1.1",
        "@polkadot/util-crypto": "^10.1.1",
        "rxjs": "^7.5.6"
      },
      "engines": {
        "node": ">=14.0.0"
      }
    },
    "node_modules/@open-web3/orml-type-definitions": {
      "resolved": "../../common/temp/node_modules/.pnpm/@open-web3+orml-type-definitions@2.0.1/node_modules/@open-web3/orml-type-definitions",
      "link": true
    },
    "node_modules/@polkadot/types": {
      "resolved": "../../common/temp/node_modules/.pnpm/@polkadot+types@8.14.1/node_modules/@polkadot/types",
      "link": true
    },
    "node_modules/typescript": {
      "version": "4.7.4",
      "resolved": "https://registry.npmjs.org/typescript/-/typescript-4.7.4.tgz",
      "integrity": "sha512-C0WQT0gezHuw6AdY1M2jxUO83Rjf0HP7Sk1DtXj6j1EwkQNZrHAg2XPWlq62oqEhYvONq5pkC2Y9oPljWToLmQ==",
      "dev": true,
      "bin": {
        "tsc": "bin/tsc",
        "tsserver": "bin/tsserver"
      },
      "engines": {
        "node": ">=4.2.0"
      }
    }
  },
  "dependencies": {
    "@open-web3/orml-type-definitions": {
      "version": "file:../../common/temp/node_modules/.pnpm/@open-web3+orml-type-definitions@2.0.1/node_modules/@open-web3/orml-type-definitions",
      "requires": {
        "@types/lodash.merge": "^4.6.7",
        "lodash.merge": "^4.6.2"
      }
    },
    "@polkadot/types": {
      "version": "file:../../common/temp/node_modules/.pnpm/@polkadot+types@8.14.1/node_modules/@polkadot/types",
      "requires": {
        "@babel/runtime": "^7.18.9",
        "@polkadot/keyring": "^10.1.1",
        "@polkadot/types-augment": "8.14.1",
        "@polkadot/types-codec": "8.14.1",
        "@polkadot/types-create": "8.14.1",
        "@polkadot/util": "^10.1.1",
        "@polkadot/util-crypto": "^10.1.1",
        "rxjs": "^7.5.6"
      }
    },
    "typescript": {
      "version": "4.7.4",
      "resolved": "https://registry.npmjs.org/typescript/-/typescript-4.7.4.tgz",
      "integrity": "sha512-C0WQT0gezHuw6AdY1M2jxUO83Rjf0HP7Sk1DtXj6j1EwkQNZrHAg2XPWlq62oqEhYvONq5pkC2Y9oPljWToLmQ==",
      "dev": true
    }
  }
}
